
Microsoft Visual Studio Solution File, Format Version 12.00
# Visual Studio Version 17
VisualStudioVersion = 17.0.32014.148
MinimumVisualStudioVersion = 10.0.40219.1
Project("{FAE04EC0-301F-11D3-BF4B-00C04F79EFBC}") = "WebApplication1 Gridview", "WebApplication1 Gridview.csproj", "{09AB442A-4D0D-4E3B-8AA4-BCBCB85872A3}"
EndProject
Global
	GlobalSection(SolutionConfigurationPlatforms) = preSolution
		Debug|Any CPU = Debug|Any CPU
		Release|Any CPU = Release|Any CPU
	EndGlobalSection
	GlobalSection(ProjectConfigurationPlatforms) = postSolution
		{09AB442A-4D0D-4E3B-8AA4-BCBCB85872A3}.Debug|Any CPU.ActiveCfg = Debug|Any CPU
		{09AB442A-4D0D-4E3B-8AA4-BCBCB85872A3}.Debug|Any CPU.Build.0 = Debug|Any CPU
		{09AB442A-4D0D-4E3B-8AA4-BCBCB85872A3}.Release|Any CPU.ActiveCfg = Release|Any CPU
		{09AB442A-4D0D-4E3B-8AA4-BCBCB85872A3}.Release|Any CPU.Build.0 = Release|Any CPU
	EndGlobalSection
	GlobalSection(SolutionProperties) = preSolution
		HideSolutionNode = FALSE
	EndGlobalSection
	GlobalSection(ExtensibilityGlobals) = postSolution
		SolutionGuid = {D5FAB5D8-9C2E-4543-B730-08AAF3AF1258}
	EndGlobalSection
EndGlobal
